# THIS IS AN AUTOGENERATED FILE. DO NOT EDIT THIS FILE DIRECTLY.
# yarn lockfile v1


core-js@^3.1.4:
  version "3.1.4"
  resolved "https://registry.yarnpkg.com/core-js/-/core-js-3.1.4.tgz#3a2837fc48e582e1ae25907afcd6cf03b0cc7a07"
  integrity sha512-YNZN8lt82XIMLnLirj9MhKDFZHalwzzrL9YLt6eb0T5D0EDl4IQ90IGkua8mHbnxNrkj1d8hbdizMc0Qmg1WnQ==

lodash@^4.17.11:
  version "4.17.11"
  resolved "https://registry.yarnpkg.com/lodash/-/lodash-4.17.11.tgz#b39ea6229ef607ecd89e2c8df12536891cac9b8d"
  integrity sha512-cQKh8igo5QUhZ7lg38DYWAxMvjSAKG0A8wGSVimP07SIUEK2UO+arSRKbRZWtelMtN5V0Hkwh5ryOto/SshYIg==

regenerator-runtime@^0.13.2:
  version "0.13.2"
  resolved "https://registry.yarnpkg.com/regenerator-runtime/-/regenerator-runtime-0.13.2.tgz#32e59c9a6fb9b1a4aff09b4930ca2d4477343447"
  integrity sha512-S/TQAZJO+D3m9xeN1WTI8dLKBBiRgXBlTJvbWjCThHWZj9EvHK70Ff50/tYj2J/fvBY6JtFVwRuazHN2E7M9BA==

vue-router@^3.0.6:
  version "3.0.7"
  resolved "https://registry.yarnpkg.com/vue-router/-/vue-router-3.0.7.tgz#b36ca107b4acb8ff5bc4ff824584059c23fcb87b"
  integrity sha512-utJ+QR3YlIC/6x6xq17UMXeAfxEvXA0VKD3PiSio7hBOZNusA1jXcbxZxVEfJunLp48oonjTepY8ORoIlRx/EQ==

vue@^2.6.10:
  version "2.6.10"
  resolved "https://registry.yarnpkg.com/vue/-/vue-2.6.10.tgz#a72b1a42a4d82a721ea438d1b6bf55e66195c637"
  integrity sha512-ImThpeNU9HbdZL3utgMCq0oiMzAkt1mcgy3/E6zWC/G6AaQoeuFdsl9nDhTDU3X1R6FK7nsIUuRACVcjI+A2GQ==

vuex@^3.1.1:
  version "3.1.1"
  resolved "https://registry.yarnpkg.com/vuex/-/vuex-3.1.1.tgz#0c264bfe30cdbccf96ab9db3177d211828a5910e"
  integrity sha512-ER5moSbLZuNSMBFnEBVGhQ1uCBNJslH9W/Dw2W7GZN23UQA69uapP5GTT9Vm8Trc0PzBSVt6LzF3hGjmv41xcg==
